// !$*UTF8*$!
{
	archiveVersion = 1;
	classes = {
	};
	objectVersion = 46;
	objects = {

/* Begin PBXBuildFile section */
		B2ED53A81A8F313D00F6B4FA /* AppDelegate.swift in Sources */ = {isa = PBXBuildFile; fileRef = B2ED53A71A8F313D00F6B4FA /* AppDelegate.swift */; };
		B2ED53AA1A8F313D00F6B4FA /* ViewController.swift in Sources */ = {isa = PBXBuildFile; fileRef = B2ED53A91A8F313D00F6B4FA /* ViewController.swift */; };
		B2ED53AC1A8F313D00F6B4FA /* Document.swift in Sources */ = {isa = PBXBuildFile; fileRef = B2ED53AB1A8F313D00F6B4FA /* Document.swift */; };
		B2ED53AE1A8F313D00F6B4FA /* Images.xcassets in Resources */ = {isa = PBXBuildFile; fileRef = B2ED53AD1A8F313D00F6B4FA /* Images.xcassets */; };
		B2ED53B11A8F313D00F6B4FA /* Main.storyboard in Resources */ = {isa = PBXBuildFile; fileRef = B2ED53AF1A8F313D00F6B4FA /* Main.storyboard */; };
		B2ED53BD1A8F313E00F6B4FA /* BurntIcingTests.swift in Sources */ = {isa = PBXBuildFile; fileRef = B2ED53BC1A8F313E00F6B4FA /* BurntIcingTests.swift */; };
/* End PBXBuildFile section */

/* Begin PBXContainerItemProxy section */
		B2ED53B71A8F313E00F6B4FA /* PBXContainerItemProxy */ = {
			isa = PBXContainerItemProxy;
			containerPortal = B2ED539A1A8F313D00F6B4FA /* Project object */;
			proxyType = 1;
			remoteGlobalIDString = B2ED53A11A8F313D00F6B4FA;
			remoteInfo = BurntIcing;
		};
/* End PBXContainerItemProxy section */

/* Begin PBXFileReference section */
		B2ED53A21A8F313D00F6B4FA /* BurntIcing.app */ = {isa = PBXFileReference; explicitFileType = wrapper.application; includeInIndex = 0; path = BurntIcing.app; sourceTree = BUILT_PRODUCTS_DIR; };
		B2ED53A61A8F313D00F6B4FA /* Info.plist */ = {isa = PBXFileReference; lastKnownFileType = text.plist.xml; path = Info.plist; sourceTree = "<group>"; };
		B2ED53A71A8F313D00F6B4FA /* AppDelegate.swift */ = {isa = PBXFileReference; lastKnownFileType = sourcecode.swift; path = AppDelegate.swift; sourceTree = "<group>"; };
		B2ED53A91A8F313D00F6B4FA /* ViewController.swift */ = {isa = PBXFileReference; lastKnownFileType = sourcecode.swift; path = ViewController.swift; sourceTree = "<group>"; };
		B2ED53AB1A8F313D00F6B4FA /* Document.swift */ = {isa = PBXFileReference; lastKnownFileType = sourcecode.swift; path = Document.swift; sourceTree = "<group>"; };
		B2ED53AD1A8F313D00F6B4FA /* Images.xcassets */ = {isa = PBXFileReference; lastKnownFileType = folder.assetcatalog; path = Images.xcassets; sourceTree = "<group>"; };
		B2ED53B01A8F313D00F6B4FA /* Base */ = {isa = PBXFileReference; lastKnownFileType = file.storyboard; name = Base; path = Base.lproj/Main.storyboard; sourceTree = "<group>"; };
		B2ED53B61A8F313E00F6B4FA /* BurntIcingTests.xctest */ = {isa = PBXFileReference; explicitFileType = wrapper.cfbundle; includeInIndex = 0; path = BurntIcingTests.xctest; sourceTree = BUILT_PRODUCTS_DIR; };
		B2ED53BB1A8F313E00F6B4FA /* Info.plist */ = {isa = PBXFileReference; lastKnownFileType = text.plist.xml; path = Info.plist; sourceTree = "<group>"; };
		B2ED53BC1A8F313E00F6B4FA /* BurntIcingTests.swift */ = {isa = PBXFileReference; lastKnownFileType = sourcecode.swift; path = BurntIcingTests.swift; sourceTree = "<group>"; };
/* End PBXFileReference section */

/* Begin PBXFrameworksBuildPhase section */
		B2ED539F1A8F313D00F6B4FA /* Frameworks */ = {
			isa = PBXFrameworksBuildPhase;
			buildActionMask = 2147483647;
			files = (
			);
			runOnlyForDeploymentPostprocessing = 0;
		};
		B2ED53B31A8F313E00F6B4FA /* Frameworks */ = {
			isa = PBXFrameworksBuildPhase;
			buildActionMask = 2147483647;
			files = (
			);
			runOnlyForDeploymentPostprocessing = 0;
		};
/* End PBXFrameworksBuildPhase section */

/* Begin PBXGroup section */
		B2ED53991A8F313D00F6B4FA = {
			isa = PBXGroup;
			children = (
				B2ED53A41A8F313D00F6B4FA /* BurntIcing */,
				B2ED53B91A8F313E00F6B4FA /* BurntIcingTests */,
				B2ED53A31A8F313D00F6B4FA /* Products */,
			);
			sourceTree = "<group>";
		};
		B2ED53A31A8F313D00F6B4FA /* Products */ = {
			isa = PBXGroup;
			children = (
				B2ED53A21A8F313D00F6B4FA /* BurntIcing.app */,
				B2ED53B61A8F313E00F6B4FA /* BurntIcingTests.xctest */,
			);
			name = Products;
			sourceTree = "<group>";
		};
		B2ED53A41A8F313D00F6B4FA /* BurntIcing */ = {
			isa = PBXGroup;
			children = (
				B2ED53A71A8F313D00F6B4FA /* AppDelegate.swift */,
				B2ED53A91A8F313D00F6B4FA /* ViewController.swift */,
				B2ED53AB1A8F313D00F6B4FA /* Document.swift */,
				B2ED53AD1A8F313D00F6B4FA /* Images.xcassets */,
				B2ED53AF1A8F313D00F6B4FA /* Main.storyboard */,
				B2ED53A51A8F313D00F6B4FA /* Supporting Files */,
			);
			path = BurntIcing;
			sourceTree = "<group>";
		};
		B2ED53A51A8F313D00F6B4FA /* Supporting Files */ = {
			isa = PBXGroup;
			children = (
				B2ED53A61A8F313D00F6B4FA /* Info.plist */,
			);
			name = "Supporting Files";
			sourceTree = "<group>";
		};
		B2ED53B91A8F313E00F6B4FA /* BurntIcingTests */ = {
			isa = PBXGroup;
			children = (
				B2ED53BC1A8F313E00F6B4FA /* BurntIcingTests.swift */,
				B2ED53BA1A8F313E00F6B4FA /* Supporting Files */,
			);
			path = BurntIcingTests;
			sourceTree = "<group>";
		};
		B2ED53BA1A8F313E00F6B4FA /* Supporting Files */ = {
			isa = PBXGroup;
			children = (
				B2ED53BB1A8F313E00F6B4FA /* Info.plist */,
			);
			name = "Supporting Files";
			sourceTree = "<group>";
		};
/* End PBXGroup section */

/* Begin PBXNativeTarget section */
		B2ED53A11A8F313D00F6B4FA /* BurntIcing */ = {
			isa = PBXNativeTarget;
			buildConfigurationList = B2ED53C01A8F313E00F6B4FA /* Build configuration list for PBXNativeTarget "BurntIcing" */;
			buildPhases = (
				B2ED539E1A8F313D00F6B4FA /* Sources */,
				B2ED539F1A8F313D00F6B4FA /* Frameworks */,
				B2ED53A01A8F313D00F6B4FA /* Resources */,
			);
			buildRules = (
			);
			dependencies = (
			);
			name = BurntIcing;
			productName = BurntIcing;
			productReference = B2ED53A21A8F313D00F6B4FA /* BurntIcing.app */;
			productType = "com.apple.product-type.application";
		};
		B2ED53B51A8F313E00F6B4FA /* BurntIcingTests */ = {
			isa = PBXNativeTarget;
			buildConfigurationList = B2ED53C31A8F313E00F6B4FA /* Build configuration list for PBXNativeTarget "BurntIcingTests" */;
			buildPhases = (
				B2ED53B21A8F313E00F6B4FA /* Sources */,
				B2ED53B31A8F313E00F6B4FA /* Frameworks */,
				B2ED53B41A8F313E00F6B4FA /* Resources */,
			);
			buildRules = (
			);
			dependencies = (
				B2ED53B81A8F313E00F6B4FA /* PBXTargetDependency */,
			);
			name = BurntIcingTests;
			productName = BurntIcingTests;
			productReference = B2ED53B61A8F313E00F6B4FA /* BurntIcingTests.xctest */;
			productType = "com.apple.product-type.bundle.unit-test";
		};
/* End PBXNativeTarget section */

/* Begin PBXProject section */
		B2ED539A1A8F313D00F6B4FA /* Project object */ = {
			isa = PBXProject;
			attributes = {
				LastUpgradeCheck = 0610;
				ORGANIZATIONNAME = "Burnt Caramel";
				TargetAttributes = {
					B2ED53A11A8F313D00F6B4FA = {
						CreatedOnToolsVersion = 6.1.1;
					};
					B2ED53B51A8F313E00F6B4FA = {
						CreatedOnToolsVersion = 6.1.1;
						TestTargetID = B2ED53A11A8F313D00F6B4FA;
					};
				};
			};
			buildConfigurationList = B2ED539D1A8F313D00F6B4FA /* Build configuration list for PBXProject "BurntIcing" */;
			compatibilityVersion = "Xcode 3.2";
			developmentRegion = English;
			hasScannedForEncodings = 0;
			knownRegions = (
				en,
				Base,
			);
			mainGroup = B2ED53991A8F313D00F6B4FA;
			productRefGroup = B2ED53A31A8F313D00F6B4FA /* Products */;
			projectDirPath = "";
			projectRoot = "";
			targets = (
				B2ED53A11A8F313D00F6B4FA /* BurntIcing */,
				B2ED53B51A8F313E00F6B4FA /* BurntIcingTests */,
			);
		};
/* End PBXProject section */

/* Begin PBXResourcesBuildPhase section */
		B2ED53A01A8F313D00F6B4FA /* Resources */ = {
			isa = PBXResourcesBuildPhase;
			buildActionMask = 2147483647;
			files = (
				B2ED53AE1A8F313D00F6B4FA /* Images.xcassets in Resources */,
				B2ED53B11A8F313D00F6B4FA /* Main.storyboard in Resources */,
			);
			runOnlyForDeploymentPostprocessing = 0;
		};
		B2ED53B41A8F313E00F6B4FA /* Resources */ = {
			isa = PBXResourcesBuildPhase;
			buildActionMask = 2147483647;
			files = (
			);
			runOnlyForDeploymentPostprocessing = 0;
		};
/* End PBXResourcesBuildPhase section */

/* Begin PBXSourcesBuildPhase section */
		B2ED539E1A8F313D00F6B4FA /* Sources */ = {
			isa = PBXSourcesBuildPhase;
			buildActionMask = 2147483647;
			files = (
				B2ED53AA1A8F313D00F6B4FA /* ViewController.swift in Sources */,
				B2ED53A81A8F313D00F6B4FA /* AppDelegate.swift in Sources */,
				B2ED53AC1A8F313D00F6B4FA /* Document.swift in Sources */,
			);
			runOnlyForDeploymentPostprocessing = 0;
		};
		B2ED53B21A8F313E00F6B4FA /* Sources */ = {
			isa = PBXSourcesBuildPhase;
			buildActionMask = 2147483647;
			files = (
				B2ED53BD1A8F313E00F6B4FA /* BurntIcingTests.swift in Sources */,
			);
			runOnlyForDeploymentPostprocessing = 0;
		};
/* End PBXSourcesBuildPhase section */

/* Begin PBXTargetDependency section */
		B2ED53B81A8F313E00F6B4FA /* PBXTargetDependency */ = {
			isa = PBXTargetDependency;
			target = B2ED53A11A8F313D00F6B4FA /* BurntIcing */;
			targetProxy = B2ED53B71A8F313E00F6B4FA /* PBXContainerItemProxy */;
		};
/* End PBXTargetDependency section */

/* Begin PBXVariantGroup section */
		B2ED53AF1A8F313D00F6B4FA /* Main.storyboard */ = {
			isa = PBXVariantGroup;
			children = (
				B2ED53B01A8F313D00F6B4FA /* Base */,
			);
			name = Main.storyboard;
			sourceTree = "<group>";
		};
/* End PBXVariantGroup section */

/* Begin XCBuildConfiguration section */
		B2ED53BE1A8F313E00F6B4FA /* Debug */ = {
			isa = XCBuildConfiguration;
			buildSettings = {
				ALWAYS_SEARCH_USER_PATHS = NO;
				CLANG_CXX_LANGUAGE_STANDARD = "gnu++0x";
				CLANG_CXX_LIBRARY = "libc++";
				CLANG_ENABLE_MODULES = YES;
				CLANG_ENABLE_OBJC_ARC = YES;
				CLANG_WARN_BOOL_CONVERSION = YES;
				CLANG_WARN_CONSTANT_CONVERSION = YES;
				CLANG_WARN_DIRECT_OBJC_ISA_USAGE = YES_ERROR;
				CLANG_WARN_EMPTY_BODY = YES;
				CLANG_WARN_ENUM_CONVERSION = YES;
				CLANG_WARN_INT_CONVERSION = YES;
				CLANG_WARN_OBJC_ROOT_CLASS = YES_ERROR;
				CLANG_WARN_UNREACHABLE_CODE = YES;
				CLANG_WARN__DUPLICATE_METHOD_MATCH = YES;
				CODE_SIGN_IDENTITY = "-";
				COPY_PHASE_STRIP = NO;
				ENABLE_STRICT_OBJC_MSGSEND = YES;
				GCC_C_LANGUAGE_STANDARD = gnu99;
				GCC_DYNAMIC_NO_PIC = NO;
				GCC_OPTIMIZATION_LEVEL = 0;
				GCC_PREPROCESSOR_DEFINITIONS = (
					"DEBUG=1",
					"$(inherited)",
				);
				GCC_SYMBOLS_PRIVATE_EXTERN = NO;
				GCC_WARN_64_TO_32_BIT_CONVERSION = YES;
				GCC_WARN_ABOUT_RETURN_TYPE = YES_ERROR;
				GCC_WARN_UNDECLARED_SELECTOR = YES;
				GCC_WARN_UNINITIALIZED_AUTOS = YES_AGGRESSIVE;
				GCC_WARN_UNUSED_FUNCTION = YES;
				GCC_WARN_UNUSED_VARIABLE = YES;
				MACOSX_DEPLOYMENT_TARGET = 10.10;
				MTL_ENABLE_DEBUG_INFO = YES;
				ONLY_ACTIVE_ARCH = YES;
				SDKROOT = macosx;
				SWIFT_OPTIMIZATION_LEVEL = "-Onone";
			};
			name = Debug;
		};
		B2ED53BF1A8F313E00F6B4FA /* Release */ = {
			isa = XCBuildConfiguration;
			buildSettings = {
				ALWAYS_SEARCH_USER_PATHS = NO;
				CLANG_CXX_LANGUAGE_STANDARD = "gnu++0x";
				CLANG_CXX_LIBRARY = "libc++";
				CLANG_ENABLE_MODULES = YES;
				CLANG_ENABLE_OBJC_ARC = YES;
				CLANG_WARN_BOOL_CONVERSION = YES;
				CLANG_WARN_CONSTANT_CONVERSION = YES;
				CLANG_WARN_DIRECT_OBJC_ISA_USAGE = YES_ERROR;
				CLANG_WARN_EMPTY_BODY = YES;
				CLANG_WARN_ENUM_CONVERSION = YES;
				CLANG_WARN_INT_CONVERSION = YES;
				CLANG_WARN_OBJC_ROOT_CLASS = YES_ERROR;
				CLANG_WARN_UNREACHABLE_CODE = YES;
				CLANG_WARN__DUPLICATE_METHOD_MATCH = YES;
				CODE_SIGN_IDENTITY = "-";
				COPY_PHASE_STRIP = YES;
				DEBUG_INFORMATION_FORMAT = "dwarf-with-dsym";
				ENABLE_NS_ASSERTIONS = NO;
				ENABLE_STRICT_OBJC_MSGSEND = YES;
				GCC_C_LANGUAGE_STANDARD = gnu99;
				GCC_WARN_64_TO_32_BIT_CONVERSION = YES;
				GCC_WARN_ABOUT_RETURN_TYPE = YES_ERROR;
				GCC_WARN_UNDECLARED_SELECTOR = YES;
				GCC_WARN_UNINITIALIZED_AUTOS = YES_AGGRESSIVE;
				GCC_WARN_UNUSED_FUNCTION = YES;
				GCC_WARN_UNUSED_VARIABLE = YES;
				MACOSX_DEPLOYMENT_TARGET = 10.10;
				MTL_ENABLE_DEBUG_INFO = NO;
				SDKROOT = macosx;
			};
			name = Release;
		};
		B2ED53C11A8F313E00F6B4FA /* Debug */ = {
			isa = XCBuildConfiguration;
			buildSettings = {
				ASSETCATALOG_COMPILER_APPICON_NAME = AppIcon;
				COMBINE_HIDPI_IMAGES = YES;
				INFOPLIST_FILE = BurntIcing/Info.plist;
				LD_RUNPATH_SEARCH_PATHS = "$(inherited) @executable_path/../Frameworks";
				PRODUCT_NAME = "$(TARGET_NAME)";
			};
			name = Debug;
		};
		B2ED53C21A8F313E00F6B4FA /* Release */ = {
			isa = XCBuildConfiguration;
			buildSettings = {
				ASSETCATALOG_COMPILER_APPICON_NAME = AppIcon;
				COMBINE_HIDPI_IMAGES = YES;
				INFOPLIST_FILE = BurntIcing/Info.plist;
				LD_RUNPATH_SEARCH_PATHS = "$(inherited) @executable_path/../Frameworks";
				PRODUCT_NAME = "$(TARGET_NAME)";
			};
			name = Release;
		};
		B2ED53C41A8F313E00F6B4FA /* Debug */ = {
			isa = XCBuildConfiguration;
			buildSettings = {
				BUNDLE_LOADER = "$(TEST_HOST)";
				COMBINE_HIDPI_IMAGES = YES;
				FRAMEWORK_SEARCH_PATHS = (
					"$(DEVELOPER_FRAMEWORKS_DIR)",
					"$(inherited)",
				);
				GCC_PREPROCESSOR_DEFINITIONS = (
					"DEBUG=1",
					"$(inherited)",
				);
				INFOPLIST_FILE = BurntIcingTests/Info.plist;
				LD_RUNPATH_SEARCH_PATHS = "$(inherited) @executable_path/../Frameworks @loader_path/../Frameworks";
				PRODUCT_NAME = "$(TARGET_NAME)";
				TEST_HOST = "$(BUILT_PRODUCTS_DIR)/BurntIcing.app/Contents/MacOS/BurntIcing";
			};
			name = Debug;
		};
		B2ED53C51A8F313E00F6B4FA /* Release */ = {
			isa = XCBuildConfiguration;
			buildSettings = {
				BUNDLE_LOADER = "$(TEST_HOST)";
				COMBINE_HIDPI_IMAGES = YES;
				FRAMEWORK_SEARCH_PATHS = (
					"$(DEVELOPER_FRAMEWORKS_DIR)",
					"$(inherited)",
				);
				INFOPLIST_FILE = BurntIcingTests/Info.plist;
				LD_RUNPATH_SEARCH_PATHS = "$(inherited) @executable_path/../Frameworks @loader_path/../Frameworks";
				PRODUCT_NAME = "$(TARGET_NAME)";
				TEST_HOST = "$(BUILT_PRODUCTS_DIR)/BurntIcing.app/Contents/MacOS/BurntIcing";
			};
			name = Release;
		};
/* End XCBuildConfiguration section */

/* Begin XCConfigurationList section */
		B2ED539D1A8F313D00F6B4FA /* Build configuration list for PBXProject "BurntIcing" */ = {
			isa = XCConfigurationList;
			buildConfigurations = (
				B2ED53BE1A8F313E00F6B4FA /* Debug */,
				B2ED53BF1A8F313E00F6B4FA /* Release */,
			);
			defaultConfigurationIsVisible = 0;
			defaultConfigurationName = Release;
		};
		B2ED53C01A8F313E00F6B4FA /* Build configuration list for PBXNativeTarget "BurntIcing" */ = {
			isa = XCConfigurationList;
			buildConfigurations = (
				B2ED53C11A8F313E00F6B4FA /* Debug */,
				B2ED53C21A8F313E00F6B4FA /* Release */,
			);
			defaultConfigurationIsVisible = 0;
		};
		B2ED53C31A8F313E00F6B4FA /* Build configuration list for PBXNativeTarget "BurntIcingTests" */ = {
			isa = XCConfigurationList;
			buildConfigurations = (
				B2ED53C41A8F313E00F6B4FA /* Debug */,
				B2ED53C51A8F313E00F6B4FA /* Release */,
			);
			defaultConfigurationIsVisible = 0;
		};
/* End XCConfigurationList section */
	};
	rootObject = B2ED539A1A8F313D00F6B4FA /* Project object */;
}
